dependencies:
- name: mclabels
  repository: oci://acrarolibotnonprod.azurecr.io/helm/infra
  version: 1.0.1
- name: nginx
  repository: oci://acrarolibotnonprod.azurecr.io/helm/common
  version: 2.2.1
digest: sha256:2c86149043507db63949ea9d1b0f077b2965806c1fa8872d353c7fe1b79e3d88
generated: "2026-06-24T11:21:58.437838414+03:00"
